
Microsoft Visual Studio Solution File, Format Version 12.00
# Visual Studio Version 16
VisualStudioVersion = 16.0.29920.165
MinimumVisualStudioVersion = 10.0.40219.1
Project("{9A19103F-16F7-4668-BE54-9A1E7A4F7556}") = "AnZwDev.ALTools", "AnZwDev.ALTools\AnZwDev.ALTools.csproj", "{266523F6-4E4A-4AAB-88D6-7C814A03AE41}"
EndProject
Project("{9A19103F-16F7-4668-BE54-9A1E7A4F7556}") = "AnZwDev.VSCodeLangServer", "AnZwDev.VSCodeLangServer\AnZwDev.VSCodeLangServer.csproj", "{370BCFC1-0542-4A43-BF7E-2F9777AA062B}"
EndProject
Project("{9A19103F-16F7-4668-BE54-9A1E7A4F7556}") = "AZALDevToolsTestConsoleApp", "AZALDevToolsTestConsoleApp\AZALDevToolsTestConsoleApp.csproj", "{E68F7EFA-80E5-4CCD-AE81-BFDAD5C3A15F}"
EndProject
Project("{9A19103F-16F7-4668-BE54-9A1E7A4F7556}") = "AnZwDev.ALTools.Server", "AnZwDev.ALTools.Server\AnZwDev.ALTools.Server.csproj", "{23DA7234-5A89-4A2C-B97E-0C133F9F90A8}"
EndProject
Project("{9A19103F-16F7-4668-BE54-9A1E7A4F7556}") = "AZALDevToolsServer.NetCore", "AZALDevToolsServer.NetCore\AZALDevToolsServer.NetCore.csproj", "{5412AEC5-9E6A-491D-B2A9-93E8490C5E32}"
EndProject
Project("{FAE04EC0-301F-11D3-BF4B-00C04F79EFBC}") = "AZALDevToolsTestConsoleApp.NetFramework", "AZALDevToolsTestConsoleApp.NetFramework\AZALDevToolsTestConsoleApp.NetFramework.csproj", "{8F1D6F0B-8BC4-4704-B671-00907132E85A}"
EndProject
Project("{FAE04EC0-301F-11D3-BF4B-00C04F79EFBC}") = "AnZwDev.ALTools.Nav2018", "AnZwDev.ALTools.Nav2018\AnZwDev.ALTools.Nav2018.csproj", "{3D135999-5EBF-4063-A5C3-B142B5CCFE30}"
EndProject
Project("{FAE04EC0-301F-11D3-BF4B-00C04F79EFBC}") = "AnZwDev.ALTools.Server.Nav2018", "AnZwDev.ALTools.Server.Nav2018\AnZwDev.ALTools.Server.Nav2018.csproj", "{AF393350-C960-4C6B-95FD-526AE575CC82}"
EndProject
Project("{FAE04EC0-301F-11D3-BF4B-00C04F79EFBC}") = "AZALDevToolsServer.NetFrameworkNav2018", "AZALDevToolsServer.NetFrameworkNav2018\AZALDevToolsServer.NetFrameworkNav2018.csproj", "{6FE8AEB2-B62A-46E2-8BBF-0C192367C55C}"
EndProject
Project("{2150E333-8FDC-42A3-9474-1A3956D46DE8}") = "Nav2018", "Nav2018", "{34BEBFF1-3C43-49CE-8EE6-AB45909184A2}"
EndProject
Project("{D954291E-2A0B-460D-934E-DC6B0785DB48}") = "Shared.AnZwDev.ALTools", "Shared.AnZwDev.ALTools\Shared.AnZwDev.ALTools.shproj", "{F5845F76-37F2-45A8-BF68-8AEC74BA1D1E}"
EndProject
Project("{D954291E-2A0B-460D-934E-DC6B0785DB48}") = "Shared.AnZwDev.ALTools.Server", "Shared.AnZwDev.ALTools.Server\Shared.AnZwDev.ALTools.Server.shproj", "{DAD5E11E-9D4E-47B8-9D49-5451ACD49013}"
EndProject
Global
	GlobalSection(SharedMSBuildProjectFiles) = preSolution
		Shared.AnZwDev.ALTools.Server\Shared.AnZwDev.ALTools.Server.projitems*{23da7234-5a89-4a2c-b97e-0c133f9f90a8}*SharedItemsImports = 5
		Shared.AnZwDev.ALTools\Shared.AnZwDev.ALTools.projitems*{266523f6-4e4a-4aab-88d6-7c814a03ae41}*SharedItemsImports = 5
		Shared.AnZwDev.ALTools\Shared.AnZwDev.ALTools.projitems*{3d135999-5ebf-4063-a5c3-b142b5ccfe30}*SharedItemsImports = 4
		Shared.AnZwDev.ALTools.Server\Shared.AnZwDev.ALTools.Server.projitems*{af393350-c960-4c6b-95fd-526ae575cc82}*SharedItemsImports = 4
		Shared.AnZwDev.ALTools.Server\Shared.AnZwDev.ALTools.Server.projitems*{dad5e11e-9d4e-47b8-9d49-5451acd49013}*SharedItemsImports = 13
		Shared.AnZwDev.ALTools\Shared.AnZwDev.ALTools.projitems*{f5845f76-37f2-45a8-bf68-8aec74ba1d1e}*SharedItemsImports = 13
	EndGlobalSection
	GlobalSection(SolutionConfigurationPlatforms) = preSolution
		Debug|Any CPU = Debug|Any CPU
		Release|Any CPU = Release|Any CPU
	EndGlobalSection
	GlobalSection(ProjectConfigurationPlatforms) = postSolution
		{266523F6-4E4A-4AAB-88D6-7C814A03AE41}.Debug|Any CPU.ActiveCfg = Debug|Any CPU
		{266523F6-4E4A-4AAB-88D6-7C814A03AE41}.Debug|Any CPU.Build.0 = Debug|Any CPU
		{266523F6-4E4A-4AAB-88D6-7C814A03AE41}.Release|Any CPU.ActiveCfg = Release|Any CPU
		{266523F6-4E4A-4AAB-88D6-7C814A03AE41}.Release|Any CPU.Build.0 = Release|Any CPU
		{370BCFC1-0542-4A43-BF7E-2F9777AA062B}.Debug|Any CPU.ActiveCfg = Debug|Any CPU
		{370BCFC1-0542-4A43-BF7E-2F9777AA062B}.Debug|Any CPU.Build.0 = Debug|Any CPU
		{370BCFC1-0542-4A43-BF7E-2F9777AA062B}.Release|Any CPU.ActiveCfg = Release|Any CPU
		{370BCFC1-0542-4A43-BF7E-2F9777AA062B}.Release|Any CPU.Build.0 = Release|Any CPU
		{E68F7EFA-80E5-4CCD-AE81-BFDAD5C3A15F}.Debug|Any CPU.ActiveCfg = Debug|Any CPU
		{E68F7EFA-80E5-4CCD-AE81-BFDAD5C3A15F}.Debug|Any CPU.Build.0 = Debug|Any CPU
		{E68F7EFA-80E5-4CCD-AE81-BFDAD5C3A15F}.Release|Any CPU.ActiveCfg = Release|Any CPU
		{E68F7EFA-80E5-4CCD-AE81-BFDAD5C3A15F}.Release|Any CPU.Build.0 = Release|Any CPU
		{23DA7234-5A89-4A2C-B97E-0C133F9F90A8}.Debug|Any CPU.ActiveCfg = Debug|Any CPU
		{23DA7234-5A89-4A2C-B97E-0C133F9F90A8}.Debug|Any CPU.Build.0 = Debug|Any CPU
		{23DA7234-5A89-4A2C-B97E-0C133F9F90A8}.Release|Any CPU.ActiveCfg = Release|Any CPU
		{23DA7234-5A89-4A2C-B97E-0C133F9F90A8}.Release|Any CPU.Build.0 = Release|Any CPU
		{5412AEC5-9E6A-491D-B2A9-93E8490C5E32}.Debug|Any CPU.ActiveCfg = Debug|Any CPU
		{5412AEC5-9E6A-491D-B2A9-93E8490C5E32}.Debug|Any CPU.Build.0 = Debug|Any CPU
		{5412AEC5-9E6A-491D-B2A9-93E8490C5E32}.Release|Any CPU.ActiveCfg = Release|Any CPU
		{5412AEC5-9E6A-491D-B2A9-93E8490C5E32}.Release|Any CPU.Build.0 = Release|Any CPU
		{8F1D6F0B-8BC4-4704-B671-00907132E85A}.Debug|Any CPU.ActiveCfg = Debug|Any CPU
		{8F1D6F0B-8BC4-4704-B671-00907132E85A}.Debug|Any CPU.Build.0 = Debug|Any CPU
		{8F1D6F0B-8BC4-4704-B671-00907132E85A}.Release|Any CPU.ActiveCfg = Release|Any CPU
		{8F1D6F0B-8BC4-4704-B671-00907132E85A}.Release|Any CPU.Build.0 = Release|Any CPU
		{3D135999-5EBF-4063-A5C3-B142B5CCFE30}.Debug|Any CPU.ActiveCfg = Debug|Any CPU
		{3D135999-5EBF-4063-A5C3-B142B5CCFE30}.Debug|Any CPU.Build.0 = Debug|Any CPU
		{3D135999-5EBF-4063-A5C3-B142B5CCFE30}.Release|Any CPU.ActiveCfg = Release|Any CPU
		{3D135999-5EBF-4063-A5C3-B142B5CCFE30}.Release|Any CPU.Build.0 = Release|Any CPU
		{AF393350-C960-4C6B-95FD-526AE575CC82}.Debug|Any CPU.ActiveCfg = Debug|Any CPU
		{AF393350-C960-4C6B-95FD-526AE575CC82}.Debug|Any CPU.Build.0 = Debug|Any CPU
		{AF393350-C960-4C6B-95FD-526AE575CC82}.Release|Any CPU.ActiveCfg = Release|Any CPU
		{AF393350-C960-4C6B-95FD-526AE575CC82}.Release|Any CPU.Build.0 = Release|Any CPU
		{6FE8AEB2-B62A-46E2-8BBF-0C192367C55C}.Debug|Any CPU.ActiveCfg = Debug|Any CPU
		{6FE8AEB2-B62A-46E2-8BBF-0C192367C55C}.Debug|Any CPU.Build.0 = Debug|Any CPU
		{6FE8AEB2-B62A-46E2-8BBF-0C192367C55C}.Release|Any CPU.ActiveCfg = Release|Any CPU
		{6FE8AEB2-B62A-46E2-8BBF-0C192367C55C}.Release|Any CPU.Build.0 = Release|Any CPU
	EndGlobalSection
	GlobalSection(SolutionProperties) = preSolution
		HideSolutionNode = FALSE
	EndGlobalSection
	GlobalSection(NestedProjects) = preSolution
		{3D135999-5EBF-4063-A5C3-B142B5CCFE30} = {34BEBFF1-3C43-49CE-8EE6-AB45909184A2}
		{AF393350-C960-4C6B-95FD-526AE575CC82} = {34BEBFF1-3C43-49CE-8EE6-AB45909184A2}
		{6FE8AEB2-B62A-46E2-8BBF-0C192367C55C} = {34BEBFF1-3C43-49CE-8EE6-AB45909184A2}
	EndGlobalSection
	GlobalSection(ExtensibilityGlobals) = postSolution
		SolutionGuid = {7B140F7D-63CB-4236-BC28-0E47FE1504A5}
	EndGlobalSection
EndGlobal
